
Microsoft Visual Studio Solution File, Format Version 12.00
# Visual Studio Version 16
VisualStudioVersion = 16.0.29709.97
MinimumVisualStudioVersion = 10.0.40219.1
Project("{FAE04EC0-301F-11D3-BF4B-00C04F79EFBC}") = "LUAY_IE322_S20", "LUAY_IE322_S20\LUAY_IE322_S20.csproj", "{211BB258-9853-4F31-94D3-555B1BED8887}"
EndProject
Global
	GlobalSection(SolutionConfigurationPlatforms) = preSolution
		Debug|Any CPU = Debug|Any CPU
		Release|Any CPU = Release|Any CPU
	EndGlobalSection
	GlobalSection(ProjectConfigurationPlatforms) = postSolution
		{211BB258-9853-4F31-94D3-555B1BED8887}.Debug|Any CPU.ActiveCfg = Debug|Any CPU
		{211BB258-9853-4F31-94D3-555B1BED8887}.Debug|Any CPU.Build.0 = Debug|Any CPU
		{211BB258-9853-4F31-94D3-555B1BED8887}.Release|Any CPU.ActiveCfg = Release|Any CPU
		{211BB258-9853-4F31-94D3-555B1BED8887}.Release|Any CPU.Build.0 = Release|Any CPU
	EndGlobalSection
	GlobalSection(SolutionProperties) = preSolution
		HideSolutionNode = FALSE
	EndGlobalSection
	GlobalSection(ExtensibilityGlobals) = postSolution
		SolutionGuid = {D8E6202F-BF2E-47F7-872D-47A2C00A762B}
	EndGlobalSection
EndGlobal
